// !$*UTF8*$!
{
	archiveVersion = 1;
	classes = {
	};
	objectVersion = 46;
	objects = {

/* Begin PBXBuildFile section */
		8C27EDCA173A5888006ED4C6 /* main.cpp in Sources */ = {isa = PBXBuildFile; fileRef = 8C27EDC9173A5888006ED4C6 /* main.cpp */; };
		8C27EDCC173A5888006ED4C6 /* RandomNumberGenerator.1 in CopyFiles */ = {isa = PBXBuildFile; fileRef = 8C27EDCB173A5888006ED4C6 /* RandomNumberGenerator.1 */; };
/* End PBXBuildFile section */

/* Begin PBXCopyFilesBuildPhase section */
		8C27EDC4173A5888006ED4C6 /* CopyFiles */ = {
			isa = PBXCopyFilesBuildPhase;
			buildActionMask = 2147483647;
			dstPath = /usr/share/man/man1/;
			dstSubfolderSpec = 0;
			files = (
				8C27EDCC173A5888006ED4C6 /* RandomNumberGenerator.1 in CopyFiles */,
			);
			runOnlyForDeploymentPostprocessing = 1;
		};
/* End PBXCopyFilesBuildPhase section */

/* Begin PBXFileReference section */
		8C27EDC6173A5888006ED4C6 /* RandomNumberGenerator */ = {isa = PBXFileReference; explicitFileType = "compiled.mach-o.executable"; includeInIndex = 0; path = RandomNumberGenerator; sourceTree = BUILT_PRODUCTS_DIR; };
		8C27EDC9173A5888006ED4C6 /* main.cpp */ = {isa = PBXFileReference; lastKnownFileType = sourcecode.cpp.cpp; path = main.cpp; sourceTree = "<group>"; };
		8C27EDCB173A5888006ED4C6 /* RandomNumberGenerator.1 */ = {isa = PBXFileReference; lastKnownFileType = text.man; path = RandomNumberGenerator.1; sourceTree = "<group>"; };
/* End PBXFileReference section */

/* Begin PBXFrameworksBuildPhase section */
		8C27EDC3173A5888006ED4C6 /* Frameworks */ = {
			isa = PBXFrameworksBuildPhase;
			buildActionMask = 2147483647;
			files = (
			);
			runOnlyForDeploymentPostprocessing = 0;
		};
/* End PBXFrameworksBuildPhase section */

/* Begin PBXGroup section */
		8C27EDBD173A5888006ED4C6 = {
			isa = PBXGroup;
			children = (
				8C27EDC8173A5888006ED4C6 /* RandomNumberGenerator */,
				8C27EDC7173A5888006ED4C6 /* Products */,
			);
			sourceTree = "<group>";
		};
		8C27EDC7173A5888006ED4C6 /* Products */ = {
			isa = PBXGroup;
			children = (
				8C27EDC6173A5888006ED4C6 /* RandomNumberGenerator */,
			);
			name = Products;
			sourceTree = "<group>";
		};
		8C27EDC8173A5888006ED4C6 /* RandomNumberGenerator */ = {
			isa = PBXGroup;
			children = (
				8C27EDC9173A5888006ED4C6 /* main.cpp */,
				8C27EDCB173A5888006ED4C6 /* RandomNumberGenerator.1 */,
			);
			path = RandomNumberGenerator;
			sourceTree = "<group>";
		};
/* End PBXGroup section */

/* Begin PBXNativeTarget section */
		8C27EDC5173A5888006ED4C6 /* RandomNumberGenerator */ = {
			isa = PBXNativeTarget;
			buildConfigurationList = 8C27EDCF173A5888006ED4C6 /* Build configuration list for PBXNativeTarget "RandomNumberGenerator" */;
			buildPhases = (
				8C27EDC2173A5888006ED4C6 /* Sources */,
				8C27EDC3173A5888006ED4C6 /* Frameworks */,
				8C27EDC4173A5888006ED4C6 /* CopyFiles */,
			);
			buildRules = (
			);
			dependencies = (
			);
			name = RandomNumberGenerator;
			productName = RandomNumberGenerator;
			productReference = 8C27EDC6173A5888006ED4C6 /* RandomNumberGenerator */;
			productType = "com.apple.product-type.tool";
		};
/* End PBXNativeTarget section */

/* Begin PBXProject section */
		8C27EDBE173A5888006ED4C6 /* Project object */ = {
			isa = PBXProject;
			attributes = {
				LastUpgradeCheck = 0460;
				ORGANIZATIONNAME = "Changmook Chun";
			};
			buildConfigurationList = 8C27EDC1173A5888006ED4C6 /* Build configuration list for PBXProject "RandomNumberGenerator" */;
			compatibilityVersion = "Xcode 3.2";
			developmentRegion = English;
			hasScannedForEncodings = 0;
			knownRegions = (
				en,
			);
			mainGroup = 8C27EDBD173A5888006ED4C6;
			productRefGroup = 8C27EDC7173A5888006ED4C6 /* Products */;
			projectDirPath = "";
			projectRoot = "";
			targets = (
				8C27EDC5173A5888006ED4C6 /* RandomNumberGenerator */,
			);
		};
/* End PBXProject section */

/* Begin PBXSourcesBuildPhase section */
		8C27EDC2173A5888006ED4C6 /* Sources */ = {
			isa = PBXSourcesBuildPhase;
			buildActionMask = 2147483647;
			files = (
				8C27EDCA173A5888006ED4C6 /* main.cpp in Sources */,
			);
			runOnlyForDeploymentPostprocessing = 0;
		};
/* End PBXSourcesBuildPhase section */

/* Begin XCBuildConfiguration section */
		8C27EDCD173A5888006ED4C6 /* Debug */ = {
			isa = XCBuildConfiguration;
			buildSettings = {
				ALWAYS_SEARCH_USER_PATHS = NO;
				ARCHS = "$(ARCHS_STANDARD_64_BIT)";
				CLANG_CXX_LANGUAGE_STANDARD = "gnu++0x";
				CLANG_CXX_LIBRARY = "libc++";
				CLANG_WARN_CONSTANT_CONVERSION = YES;
				CLANG_WARN_EMPTY_BODY = YES;
				CLANG_WARN_ENUM_CONVERSION = YES;
				CLANG_WARN_INT_CONVERSION = YES;
				CLANG_WARN__DUPLICATE_METHOD_MATCH = YES;
				COPY_PHASE_STRIP = NO;
				GCC_C_LANGUAGE_STANDARD = gnu99;
				GCC_DYNAMIC_NO_PIC = NO;
				GCC_ENABLE_OBJC_EXCEPTIONS = YES;
				GCC_OPTIMIZATION_LEVEL = 0;
				GCC_PREPROCESSOR_DEFINITIONS = (
					"DEBUG=1",
					"$(inherited)",
				);
				GCC_SYMBOLS_PRIVATE_EXTERN = NO;
				GCC_WARN_64_TO_32_BIT_CONVERSION = YES;
				GCC_WARN_ABOUT_RETURN_TYPE = YES;
				GCC_WARN_UNINITIALIZED_AUTOS = YES;
				GCC_WARN_UNUSED_VARIABLE = YES;
				MACOSX_DEPLOYMENT_TARGET = 10.8;
				ONLY_ACTIVE_ARCH = YES;
				SDKROOT = macosx;
			};
			name = Debug;
		};
		8C27EDCE173A5888006ED4C6 /* Release */ = {
			isa = XCBuildConfiguration;
			buildSettings = {
				ALWAYS_SEARCH_USER_PATHS = NO;
				ARCHS = "$(ARCHS_STANDARD_64_BIT)";
				CLANG_CXX_LANGUAGE_STANDARD = "gnu++0x";
				CLANG_CXX_LIBRARY = "libc++";
				CLANG_WARN_CONSTANT_CONVERSION = YES;
				CLANG_WARN_EMPTY_BODY = YES;
				CLANG_WARN_ENUM_CONVERSION = YES;
				CLANG_WARN_INT_CONVERSION = YES;
				CLANG_WARN__DUPLICATE_METHOD_MATCH = YES;
				COPY_PHASE_STRIP = YES;
				DEBUG_INFORMATION_FORMAT = "dwarf-with-dsym";
				GCC_C_LANGUAGE_STANDARD = gnu99;
				GCC_ENABLE_OBJC_EXCEPTIONS = YES;
				GCC_WARN_64_TO_32_BIT_CONVERSION = YES;
				GCC_WARN_ABOUT_RETURN_TYPE = YES;
				GCC_WARN_UNINITIALIZED_AUTOS = YES;
				GCC_WARN_UNUSED_VARIABLE = YES;
				MACOSX_DEPLOYMENT_TARGET = 10.8;
				SDKROOT = macosx;
			};
			name = Release;
		};
		8C27EDD0173A5888006ED4C6 /* Debug */ = {
			isa = XCBuildConfiguration;
			buildSettings = {
				PRODUCT_NAME = "$(TARGET_NAME)";
			};
			name = Debug;
		};
		8C27EDD1173A5888006ED4C6 /* Release */ = {
			isa = XCBuildConfiguration;
			buildSettings = {
				PRODUCT_NAME = "$(TARGET_NAME)";
			};
			name = Release;
		};
/* End XCBuildConfiguration section */

/* Begin XCConfigurationList section */
		8C27EDC1173A5888006ED4C6 /* Build configuration list for PBXProject "RandomNumberGenerator" */ = {
			isa = XCConfigurationList;
			buildConfigurations = (
				8C27EDCD173A5888006ED4C6 /* Debug */,
				8C27EDCE173A5888006ED4C6 /* Release */,
			);
			defaultConfigurationIsVisible = 0;
			defaultConfigurationName = Release;
		};
		8C27EDCF173A5888006ED4C6 /* Build configuration list for PBXNativeTarget "RandomNumberGenerator" */ = {
			isa = XCConfigurationList;
			buildConfigurations = (
				8C27EDD0173A5888006ED4C6 /* Debug */,
				8C27EDD1173A5888006ED4C6 /* Release */,
			);
			defaultConfigurationIsVisible = 0;
		};
/* End XCConfigurationList section */
	};
	rootObject = 8C27EDBE173A5888006ED4C6 /* Project object */;
}
